
Microsoft Visual Studio Solution File, Format Version 12.00
# Visual Studio Version 17
VisualStudioVersion = 17.4.33103.184
MinimumVisualStudioVersion = 10.0.40219.1
Project("{FAE04EC0-301F-11D3-BF4B-00C04F79EFBC}") = "RoutingServeur", "RoutingServeur\RoutingServeur.csproj", "{5FF44BD9-91E3-404F-BBBC-7F4B3F0E96A2}"
	ProjectSection(ProjectDependencies) = postProject
		{84BC6763-7ED6-4168-98EE-26C7A67B0B77} = {84BC6763-7ED6-4168-98EE-26C7A67B0B77}
	EndProjectSection
EndProject
Project("{FAE04EC0-301F-11D3-BF4B-00C04F79EFBC}") = "ProxyCacheJCDCO", "ProxyCacheJCDCO\ProxyCacheJCDCO.csproj", "{84BC6763-7ED6-4168-98EE-26C7A67B0B77}"
EndProject
Global
	GlobalSection(SolutionConfigurationPlatforms) = preSolution
		Debug|Any CPU = Debug|Any CPU
		Release|Any CPU = Release|Any CPU
	EndGlobalSection
	GlobalSection(ProjectConfigurationPlatforms) = postSolution
		{5FF44BD9-91E3-404F-BBBC-7F4B3F0E96A2}.Debug|Any CPU.ActiveCfg = Debug|Any CPU
		{5FF44BD9-91E3-404F-BBBC-7F4B3F0E96A2}.Debug|Any CPU.Build.0 = Debug|Any CPU
		{5FF44BD9-91E3-404F-BBBC-7F4B3F0E96A2}.Release|Any CPU.ActiveCfg = Release|Any CPU
		{5FF44BD9-91E3-404F-BBBC-7F4B3F0E96A2}.Release|Any CPU.Build.0 = Release|Any CPU
		{84BC6763-7ED6-4168-98EE-26C7A67B0B77}.Debug|Any CPU.ActiveCfg = Debug|Any CPU
		{84BC6763-7ED6-4168-98EE-26C7A67B0B77}.Debug|Any CPU.Build.0 = Debug|Any CPU
		{84BC6763-7ED6-4168-98EE-26C7A67B0B77}.Release|Any CPU.ActiveCfg = Release|Any CPU
		{84BC6763-7ED6-4168-98EE-26C7A67B0B77}.Release|Any CPU.Build.0 = Release|Any CPU
	EndGlobalSection
	GlobalSection(SolutionProperties) = preSolution
		HideSolutionNode = FALSE
	EndGlobalSection
	GlobalSection(ExtensibilityGlobals) = postSolution
		SolutionGuid = {1F5F60CC-CBEA-4FB9-8D97-51EC70E77559}
	EndGlobalSection
EndGlobal
